
Microsoft Visual Studio Solution File, Format Version 12.00
# Visual Studio Version 17
VisualStudioVersion = 17.6.33723.286
MinimumVisualStudioVersion = 10.0.40219.1
Project("{9A19103F-16F7-4668-BE54-9A1E7A4F7556}") = "EducationPortalUI", "EducationPortalUI\EducationPortalUI.csproj", "{2530CA16-5BB8-425B-AE13-82A77BE4CDA6}"
EndProject
Project("{9A19103F-16F7-4668-BE54-9A1E7A4F7556}") = "EducationPortalEL", "EducationPortalEL\EducationPortalEL.csproj", "{F28FBB84-C616-47BC-8995-06531414B2B6}"
EndProject
Project("{9A19103F-16F7-4668-BE54-9A1E7A4F7556}") = "EducationPortalDL", "EducationPortalDL\EducationPortalDL.csproj", "{B1350CC2-DC9A-4B44-8E4A-556A77800C07}"
EndProject
Project("{9A19103F-16F7-4668-BE54-9A1E7A4F7556}") = "EducationPortalAPI", "EducationPortalAPI\EducationPortalAPI.csproj", "{1DA120B4-E344-4A41-9400-C4851A2885C6}"
EndProject
Project("{FAE04EC0-301F-11D3-BF4B-00C04F79EFBC}") = "EducationPortalBL", "EducationPortalBL\EducationPortalBL.csproj", "{22B53FDB-BC8C-44DD-8704-0D2362A8E1B6}"
EndProject
Global
	GlobalSection(SolutionConfigurationPlatforms) = preSolution
		Debug|Any CPU = Debug|Any CPU
		Release|Any CPU = Release|Any CPU
	EndGlobalSection
	GlobalSection(ProjectConfigurationPlatforms) = postSolution
		{2530CA16-5BB8-425B-AE13-82A77BE4CDA6}.Debug|Any CPU.ActiveCfg = Debug|Any CPU
		{2530CA16-5BB8-425B-AE13-82A77BE4CDA6}.Debug|Any CPU.Build.0 = Debug|Any CPU
		{2530CA16-5BB8-425B-AE13-82A77BE4CDA6}.Release|Any CPU.ActiveCfg = Release|Any CPU
		{2530CA16-5BB8-425B-AE13-82A77BE4CDA6}.Release|Any CPU.Build.0 = Release|Any CPU
		{F28FBB84-C616-47BC-8995-06531414B2B6}.Debug|Any CPU.ActiveCfg = Debug|Any CPU
		{F28FBB84-C616-47BC-8995-06531414B2B6}.Debug|Any CPU.Build.0 = Debug|Any CPU
		{F28FBB84-C616-47BC-8995-06531414B2B6}.Release|Any CPU.ActiveCfg = Release|Any CPU
		{F28FBB84-C616-47BC-8995-06531414B2B6}.Release|Any CPU.Build.0 = Release|Any CPU
		{B1350CC2-DC9A-4B44-8E4A-556A77800C07}.Debug|Any CPU.ActiveCfg = Debug|Any CPU
		{B1350CC2-DC9A-4B44-8E4A-556A77800C07}.Debug|Any CPU.Build.0 = Debug|Any CPU
		{B1350CC2-DC9A-4B44-8E4A-556A77800C07}.Release|Any CPU.ActiveCfg = Release|Any CPU
		{B1350CC2-DC9A-4B44-8E4A-556A77800C07}.Release|Any CPU.Build.0 = Release|Any CPU
		{1DA120B4-E344-4A41-9400-C4851A2885C6}.Debug|Any CPU.ActiveCfg = Debug|Any CPU
		{1DA120B4-E344-4A41-9400-C4851A2885C6}.Debug|Any CPU.Build.0 = Debug|Any CPU
		{1DA120B4-E344-4A41-9400-C4851A2885C6}.Release|Any CPU.ActiveCfg = Release|Any CPU
		{1DA120B4-E344-4A41-9400-C4851A2885C6}.Release|Any CPU.Build.0 = Release|Any CPU
		{22B53FDB-BC8C-44DD-8704-0D2362A8E1B6}.Debug|Any CPU.ActiveCfg = Debug|Any CPU
		{22B53FDB-BC8C-44DD-8704-0D2362A8E1B6}.Debug|Any CPU.Build.0 = Debug|Any CPU
		{22B53FDB-BC8C-44DD-8704-0D2362A8E1B6}.Release|Any CPU.ActiveCfg = Release|Any CPU
		{22B53FDB-BC8C-44DD-8704-0D2362A8E1B6}.Release|Any CPU.Build.0 = Release|Any CPU
	EndGlobalSection
	GlobalSection(SolutionProperties) = preSolution
		HideSolutionNode = FALSE
	EndGlobalSection
	GlobalSection(ExtensibilityGlobals) = postSolution
		SolutionGuid = {2BCC6ED0-DBF1-4E36-83B9-82B0E4B01AC9}
	EndGlobalSection
EndGlobal
